
Microsoft Visual Studio Solution File, Format Version 12.00
# Visual Studio Version 17
VisualStudioVersion = 17.0.31903.59
MinimumVisualStudioVersion = 10.0.40219.1
Project("{2150E333-8FDC-42A3-9474-1A3956D46DE8}") = "src", "src", "{827E0CD3-B72D-47B6-A68D-7590B98EB39B}"
EndProject
Project("{FAE04EC0-301F-11D3-BF4B-00C04F79EFBC}") = "NotificationSystem.API", "src\NotificationSystem.API\NotificationSystem.API.csproj", "{66C8EA5B-09C2-451E-9754-FFAC91207D61}"
EndProject
Project("{FAE04EC0-301F-11D3-BF4B-00C04F79EFBC}") = "NotificationSystem.Application", "src\NotificationSystem.Application\NotificationSystem.Application.csproj", "{82127AEC-EF72-4826-ACF9-C2ACFDE7B595}"
EndProject
Project("{FAE04EC0-301F-11D3-BF4B-00C04F79EFBC}") = "NotificationSystem.Domain", "src\NotificationSystem.Domain\NotificationSystem.Domain.csproj", "{D8EDB773-6AAC-48C8-BA54-45D02A7026F3}"
EndProject
Project("{FAE04EC0-301F-11D3-BF4B-00C04F79EFBC}") = "NotificationSystem.EmailWorker", "src\NotificationSystem.EmailWorker\NotificationSystem.EmailWorker.csproj", "{6884FA62-42D2-4B38-BB48-C8E57ECC3FEF}"
EndProject
Project("{FAE04EC0-301F-11D3-BF4B-00C04F79EFBC}") = "NotificationSystem.Infrastructure", "src\NotificationSystem.Infrastructure\NotificationSystem.Infrastructure.csproj", "{39875904-0C2C-4720-8EFE-43C95C066A3C}"
EndProject
Project("{FAE04EC0-301F-11D3-BF4B-00C04F79EFBC}") = "NotificationSystem.Messaging", "src\NotificationSystem.Messaging\NotificationSystem.Messaging.csproj", "{42A8F6C5-A59F-4A1B-BE91-54D75F2676A7}"
EndProject
Project("{FAE04EC0-301F-11D3-BF4B-00C04F79EFBC}") = "NotificationSystem.PushWorker", "src\NotificationSystem.PushWorker\NotificationSystem.PushWorker.csproj", "{B7F09C93-BBBF-4A07-8065-B59565701B6F}"
EndProject
Project("{2150E333-8FDC-42A3-9474-1A3956D46DE8}") = "docker", "docker", "{02EA681E-C7D8-13C7-8484-4AC65E1B71E8}"
	ProjectSection(SolutionItems) = preProject
		docker\docker-compose.yml = docker\docker-compose.yml
	EndProjectSection
EndProject
Global
	GlobalSection(SolutionConfigurationPlatforms) = preSolution
		Debug|Any CPU = Debug|Any CPU
		Debug|x64 = Debug|x64
		Debug|x86 = Debug|x86
		Release|Any CPU = Release|Any CPU
		Release|x64 = Release|x64
		Release|x86 = Release|x86
	EndGlobalSection
	GlobalSection(ProjectConfigurationPlatforms) = postSolution
		{66C8EA5B-09C2-451E-9754-FFAC91207D61}.Debug|Any CPU.ActiveCfg = Debug|Any CPU
		{66C8EA5B-09C2-451E-9754-FFAC91207D61}.Debug|Any CPU.Build.0 = Debug|Any CPU
		{66C8EA5B-09C2-451E-9754-FFAC91207D61}.Debug|x64.ActiveCfg = Debug|Any CPU
		{66C8EA5B-09C2-451E-9754-FFAC91207D61}.Debug|x64.Build.0 = Debug|Any CPU
		{66C8EA5B-09C2-451E-9754-FFAC91207D61}.Debug|x86.ActiveCfg = Debug|Any CPU
		{66C8EA5B-09C2-451E-9754-FFAC91207D61}.Debug|x86.Build.0 = Debug|Any CPU
		{66C8EA5B-09C2-451E-9754-FFAC91207D61}.Release|Any CPU.ActiveCfg = Release|Any CPU
		{66C8EA5B-09C2-451E-9754-FFAC91207D61}.Release|Any CPU.Build.0 = Release|Any CPU
		{66C8EA5B-09C2-451E-9754-FFAC91207D61}.Release|x64.ActiveCfg = Release|Any CPU
		{66C8EA5B-09C2-451E-9754-FFAC91207D61}.Release|x64.Build.0 = Release|Any CPU
		{66C8EA5B-09C2-451E-9754-FFAC91207D61}.Release|x86.ActiveCfg = Release|Any CPU
		{66C8EA5B-09C2-451E-9754-FFAC91207D61}.Release|x86.Build.0 = Release|Any CPU
		{82127AEC-EF72-4826-ACF9-C2ACFDE7B595}.Debug|Any CPU.ActiveCfg = Debug|Any CPU
		{82127AEC-EF72-4826-ACF9-C2ACFDE7B595}.Debug|Any CPU.Build.0 = Debug|Any CPU
		{82127AEC-EF72-4826-ACF9-C2ACFDE7B595}.Debug|x64.ActiveCfg = Debug|Any CPU
		{82127AEC-EF72-4826-ACF9-C2ACFDE7B595}.Debug|x64.Build.0 = Debug|Any CPU
		{82127AEC-EF72-4826-ACF9-C2ACFDE7B595}.Debug|x86.ActiveCfg = Debug|Any CPU
		{82127AEC-EF72-4826-ACF9-C2ACFDE7B595}.Debug|x86.Build.0 = Debug|Any CPU
		{82127AEC-EF72-4826-ACF9-C2ACFDE7B595}.Release|Any CPU.ActiveCfg = Release|Any CPU
		{82127AEC-EF72-4826-ACF9-C2ACFDE7B595}.Release|Any CPU.Build.0 = Release|Any CPU
		{82127AEC-EF72-4826-ACF9-C2ACFDE7B595}.Release|x64.ActiveCfg = Release|Any CPU
		{82127AEC-EF72-4826-ACF9-C2ACFDE7B595}.Release|x64.Build.0 = Release|Any CPU
		{82127AEC-EF72-4826-ACF9-C2ACFDE7B595}.Release|x86.ActiveCfg = Release|Any CPU
		{82127AEC-EF72-4826-ACF9-C2ACFDE7B595}.Release|x86.Build.0 = Release|Any CPU
		{D8EDB773-6AAC-48C8-BA54-45D02A7026F3}.Debug|Any CPU.ActiveCfg = Debug|Any CPU
		{D8EDB773-6AAC-48C8-BA54-45D02A7026F3}.Debug|Any CPU.Build.0 = Debug|Any CPU
		{D8EDB773-6AAC-48C8-BA54-45D02A7026F3}.Debug|x64.ActiveCfg = Debug|Any CPU
		{D8EDB773-6AAC-48C8-BA54-45D02A7026F3}.Debug|x64.Build.0 = Debug|Any CPU
		{D8EDB773-6AAC-48C8-BA54-45D02A7026F3}.Debug|x86.ActiveCfg = Debug|Any CPU
		{D8EDB773-6AAC-48C8-BA54-45D02A7026F3}.Debug|x86.Build.0 = Debug|Any CPU
		{D8EDB773-6AAC-48C8-BA54-45D02A7026F3}.Release|Any CPU.ActiveCfg = Release|Any CPU
		{D8EDB773-6AAC-48C8-BA54-45D02A7026F3}.Release|Any CPU.Build.0 = Release|Any CPU
		{D8EDB773-6AAC-48C8-BA54-45D02A7026F3}.Release|x64.ActiveCfg = Release|Any CPU
		{D8EDB773-6AAC-48C8-BA54-45D02A7026F3}.Release|x64.Build.0 = Release|Any CPU
		{D8EDB773-6AAC-48C8-BA54-45D02A7026F3}.Release|x86.ActiveCfg = Release|Any CPU
		{D8EDB773-6AAC-48C8-BA54-45D02A7026F3}.Release|x86.Build.0 = Release|Any CPU
		{6884FA62-42D2-4B38-BB48-C8E57ECC3FEF}.Debug|Any CPU.ActiveCfg = Debug|Any CPU
		{6884FA62-42D2-4B38-BB48-C8E57ECC3FEF}.Debug|Any CPU.Build.0 = Debug|Any CPU
		{6884FA62-42D2-4B38-BB48-C8E57ECC3FEF}.Debug|x64.ActiveCfg = Debug|Any CPU
		{6884FA62-42D2-4B38-BB48-C8E57ECC3FEF}.Debug|x64.Build.0 = Debug|Any CPU
		{6884FA62-42D2-4B38-BB48-C8E57ECC3FEF}.Debug|x86.ActiveCfg = Debug|Any CPU
		{6884FA62-42D2-4B38-BB48-C8E57ECC3FEF}.Debug|x86.Build.0 = Debug|Any CPU
		{6884FA62-42D2-4B38-BB48-C8E57ECC3FEF}.Release|Any CPU.ActiveCfg = Release|Any CPU
		{6884FA62-42D2-4B38-BB48-C8E57ECC3FEF}.Release|Any CPU.Build.0 = Release|Any CPU
		{6884FA62-42D2-4B38-BB48-C8E57ECC3FEF}.Release|x64.ActiveCfg = Release|Any CPU
		{6884FA62-42D2-4B38-BB48-C8E57ECC3FEF}.Release|x64.Build.0 = Release|Any CPU
		{6884FA62-42D2-4B38-BB48-C8E57ECC3FEF}.Release|x86.ActiveCfg = Release|Any CPU
		{6884FA62-42D2-4B38-BB48-C8E57ECC3FEF}.Release|x86.Build.0 = Release|Any CPU
		{39875904-0C2C-4720-8EFE-43C95C066A3C}.Debug|Any CPU.ActiveCfg = Debug|Any CPU
		{39875904-0C2C-4720-8EFE-43C95C066A3C}.Debug|Any CPU.Build.0 = Debug|Any CPU
		{39875904-0C2C-4720-8EFE-43C95C066A3C}.Debug|x64.ActiveCfg = Debug|Any CPU
		{39875904-0C2C-4720-8EFE-43C95C066A3C}.Debug|x64.Build.0 = Debug|Any CPU
		{39875904-0C2C-4720-8EFE-43C95C066A3C}.Debug|x86.ActiveCfg = Debug|Any CPU
		{39875904-0C2C-4720-8EFE-43C95C066A3C}.Debug|x86.Build.0 = Debug|Any CPU
		{39875904-0C2C-4720-8EFE-43C95C066A3C}.Release|Any CPU.ActiveCfg = Release|Any CPU
		{39875904-0C2C-4720-8EFE-43C95C066A3C}.Release|Any CPU.Build.0 = Release|Any CPU
		{39875904-0C2C-4720-8EFE-43C95C066A3C}.Release|x64.ActiveCfg = Release|Any CPU
		{39875904-0C2C-4720-8EFE-43C95C066A3C}.Release|x64.Build.0 = Release|Any CPU
		{39875904-0C2C-4720-8EFE-43C95C066A3C}.Release|x86.ActiveCfg = Release|Any CPU
		{39875904-0C2C-4720-8EFE-43C95C066A3C}.Release|x86.Build.0 = Release|Any CPU
		{42A8F6C5-A59F-4A1B-BE91-54D75F2676A7}.Debug|Any CPU.ActiveCfg = Debug|Any CPU
		{42A8F6C5-A59F-4A1B-BE91-54D75F2676A7}.Debug|Any CPU.Build.0 = Debug|Any CPU
		{42A8F6C5-A59F-4A1B-BE91-54D75F2676A7}.Debug|x64.ActiveCfg = Debug|Any CPU
		{42A8F6C5-A59F-4A1B-BE91-54D75F2676A7}.Debug|x64.Build.0 = Debug|Any CPU
		{42A8F6C5-A59F-4A1B-BE91-54D75F2676A7}.Debug|x86.ActiveCfg = Debug|Any CPU
		{42A8F6C5-A59F-4A1B-BE91-54D75F2676A7}.Debug|x86.Build.0 = Debug|Any CPU
		{42A8F6C5-A59F-4A1B-BE91-54D75F2676A7}.Release|Any CPU.ActiveCfg = Release|Any CPU
		{42A8F6C5-A59F-4A1B-BE91-54D75F2676A7}.Release|Any CPU.Build.0 = Release|Any CPU
		{42A8F6C5-A59F-4A1B-BE91-54D75F2676A7}.Release|x64.ActiveCfg = Release|Any CPU
		{42A8F6C5-A59F-4A1B-BE91-54D75F2676A7}.Release|x64.Build.0 = Release|Any CPU
		{42A8F6C5-A59F-4A1B-BE91-54D75F2676A7}.Release|x86.ActiveCfg = Release|Any CPU
		{42A8F6C5-A59F-4A1B-BE91-54D75F2676A7}.Release|x86.Build.0 = Release|Any CPU
		{B7F09C93-BBBF-4A07-8065-B59565701B6F}.Debug|Any CPU.ActiveCfg = Debug|Any CPU
		{B7F09C93-BBBF-4A07-8065-B59565701B6F}.Debug|Any CPU.Build.0 = Debug|Any CPU
		{B7F09C93-BBBF-4A07-8065-B59565701B6F}.Debug|x64.ActiveCfg = Debug|Any CPU
		{B7F09C93-BBBF-4A07-8065-B59565701B6F}.Debug|x64.Build.0 = Debug|Any CPU
		{B7F09C93-BBBF-4A07-8065-B59565701B6F}.Debug|x86.ActiveCfg = Debug|Any CPU
		{B7F09C93-BBBF-4A07-8065-B59565701B6F}.Debug|x86.Build.0 = Debug|Any CPU
		{B7F09C93-BBBF-4A07-8065-B59565701B6F}.Release|Any CPU.ActiveCfg = Release|Any CPU
		{B7F09C93-BBBF-4A07-8065-B59565701B6F}.Release|Any CPU.Build.0 = Release|Any CPU
		{B7F09C93-BBBF-4A07-8065-B59565701B6F}.Release|x64.ActiveCfg = Release|Any CPU
		{B7F09C93-BBBF-4A07-8065-B59565701B6F}.Release|x64.Build.0 = Release|Any CPU
		{B7F09C93-BBBF-4A07-8065-B59565701B6F}.Release|x86.ActiveCfg = Release|Any CPU
		{B7F09C93-BBBF-4A07-8065-B59565701B6F}.Release|x86.Build.0 = Release|Any CPU
	EndGlobalSection
	GlobalSection(SolutionProperties) = preSolution
		HideSolutionNode = FALSE
	EndGlobalSection
	GlobalSection(NestedProjects) = preSolution
		{66C8EA5B-09C2-451E-9754-FFAC91207D61} = {827E0CD3-B72D-47B6-A68D-7590B98EB39B}
		{82127AEC-EF72-4826-ACF9-C2ACFDE7B595} = {827E0CD3-B72D-47B6-A68D-7590B98EB39B}
		{D8EDB773-6AAC-48C8-BA54-45D02A7026F3} = {827E0CD3-B72D-47B6-A68D-7590B98EB39B}
		{6884FA62-42D2-4B38-BB48-C8E57ECC3FEF} = {827E0CD3-B72D-47B6-A68D-7590B98EB39B}
		{39875904-0C2C-4720-8EFE-43C95C066A3C} = {827E0CD3-B72D-47B6-A68D-7590B98EB39B}
		{42A8F6C5-A59F-4A1B-BE91-54D75F2676A7} = {827E0CD3-B72D-47B6-A68D-7590B98EB39B}
		{B7F09C93-BBBF-4A07-8065-B59565701B6F} = {827E0CD3-B72D-47B6-A68D-7590B98EB39B}
	EndGlobalSection
	GlobalSection(ExtensibilityGlobals) = postSolution
		SolutionGuid = {4899B0B1-B832-401F-B30A-62A52702399F}
	EndGlobalSection
EndGlobal
